
Microsoft Visual Studio Solution File, Format Version 12.00
# Visual Studio Version 16
VisualStudioVersion = 16.0.30011.22
MinimumVisualStudioVersion = 10.0.40219.1
Project("{FAE04EC0-301F-11D3-BF4B-00C04F79EFBC}") = "AuthenticationServer", "AuthenticationServer\AuthenticationServer.csproj", "{385600A3-0885-4C97-8154-42F47CA3C060}"
EndProject
Project("{FAE04EC0-301F-11D3-BF4B-00C04F79EFBC}") = "MvcClientApp", "MvcClientApp\MvcClientApp.csproj", "{6EA6A92B-3694-4400-9685-3E2089627F03}"
EndProject
Project("{FAE04EC0-301F-11D3-BF4B-00C04F79EFBC}") = "Api", "Api\Api.csproj", "{A91F179E-BBDF-4E3C-ADC2-C20EDCEE926E}"
EndProject
Global
	GlobalSection(SolutionConfigurationPlatforms) = preSolution
		Debug|Any CPU = Debug|Any CPU
		Release|Any CPU = Release|Any CPU
	EndGlobalSection
	GlobalSection(ProjectConfigurationPlatforms) = postSolution
		{385600A3-0885-4C97-8154-42F47CA3C060}.Debug|Any CPU.ActiveCfg = Debug|Any CPU
		{385600A3-0885-4C97-8154-42F47CA3C060}.Debug|Any CPU.Build.0 = Debug|Any CPU
		{385600A3-0885-4C97-8154-42F47CA3C060}.Release|Any CPU.ActiveCfg = Release|Any CPU
		{385600A3-0885-4C97-8154-42F47CA3C060}.Release|Any CPU.Build.0 = Release|Any CPU
		{6EA6A92B-3694-4400-9685-3E2089627F03}.Debug|Any CPU.ActiveCfg = Debug|Any CPU
		{6EA6A92B-3694-4400-9685-3E2089627F03}.Debug|Any CPU.Build.0 = Debug|Any CPU
		{6EA6A92B-3694-4400-9685-3E2089627F03}.Release|Any CPU.ActiveCfg = Release|Any CPU
		{6EA6A92B-3694-4400-9685-3E2089627F03}.Release|Any CPU.Build.0 = Release|Any CPU
		{A91F179E-BBDF-4E3C-ADC2-C20EDCEE926E}.Debug|Any CPU.ActiveCfg = Debug|Any CPU
		{A91F179E-BBDF-4E3C-ADC2-C20EDCEE926E}.Debug|Any CPU.Build.0 = Debug|Any CPU
		{A91F179E-BBDF-4E3C-ADC2-C20EDCEE926E}.Release|Any CPU.ActiveCfg = Release|Any CPU
		{A91F179E-BBDF-4E3C-ADC2-C20EDCEE926E}.Release|Any CPU.Build.0 = Release|Any CPU
	EndGlobalSection
	GlobalSection(SolutionProperties) = preSolution
		HideSolutionNode = FALSE
	EndGlobalSection
	GlobalSection(ExtensibilityGlobals) = postSolution
		SolutionGuid = {E1B47557-CA4B-4824-8C8F-AEF72854D4A1}
	EndGlobalSection
EndGlobal
